
Microsoft Visual Studio Solution File, Format Version 12.00
# Visual Studio Version 16
VisualStudioVersion = 16.0.33130.400
MinimumVisualStudioVersion = 10.0.40219.1
Project("{FAE04EC0-301F-11D3-BF4B-00C04F79EFBC}") = "KaraokeProject", "KaraokeProject\KaraokeProject.csproj", "{7393A97F-C080-4DE1-82BB-95A1C0534647}"
EndProject
Global
	GlobalSection(SolutionConfigurationPlatforms) = preSolution
		Debug|Any CPU = Debug|Any CPU
		Release|Any CPU = Release|Any CPU
	EndGlobalSection
	GlobalSection(ProjectConfigurationPlatforms) = postSolution
		{7393A97F-C080-4DE1-82BB-95A1C0534647}.Debug|Any CPU.ActiveCfg = Debug|Any CPU
		{7393A97F-C080-4DE1-82BB-95A1C0534647}.Debug|Any CPU.Build.0 = Debug|Any CPU
		{7393A97F-C080-4DE1-82BB-95A1C0534647}.Release|Any CPU.ActiveCfg = Release|Any CPU
		{7393A97F-C080-4DE1-82BB-95A1C0534647}.Release|Any CPU.Build.0 = Release|Any CPU
	EndGlobalSection
	GlobalSection(SolutionProperties) = preSolution
		HideSolutionNode = FALSE
	EndGlobalSection
	GlobalSection(ExtensibilityGlobals) = postSolution
		SolutionGuid = {CDB72DD6-8A20-4B9F-BBF8-09E0238B1CDA}
	EndGlobalSection
EndGlobal
